
Microsoft Visual Studio Solution File, Format Version 12.00
# Visual Studio Version 16
VisualStudioVersion = 16.0.31402.337
MinimumVisualStudioVersion = 10.0.40219.1
Project("{FAE04EC0-301F-11D3-BF4B-00C04F79EFBC}") = "MadlibConsoleGame", "MadlibConsoleGame\MadlibConsoleGame.csproj", "{D3AD3049-0B4D-4E16-A338-81999EE4E1C5}"
EndProject
Global
	GlobalSection(SolutionConfigurationPlatforms) = preSolution
		Debug|Any CPU = Debug|Any CPU
		Release|Any CPU = Release|Any CPU
	EndGlobalSection
	GlobalSection(ProjectConfigurationPlatforms) = postSolution
		{D3AD3049-0B4D-4E16-A338-81999EE4E1C5}.Debug|Any CPU.ActiveCfg = Debug|Any CPU
		{D3AD3049-0B4D-4E16-A338-81999EE4E1C5}.Debug|Any CPU.Build.0 = Debug|Any CPU
		{D3AD3049-0B4D-4E16-A338-81999EE4E1C5}.Release|Any CPU.ActiveCfg = Release|Any CPU
		{D3AD3049-0B4D-4E16-A338-81999EE4E1C5}.Release|Any CPU.Build.0 = Release|Any CPU
	EndGlobalSection
	GlobalSection(SolutionProperties) = preSolution
		HideSolutionNode = FALSE
	EndGlobalSection
	GlobalSection(ExtensibilityGlobals) = postSolution
		SolutionGuid = {86690D84-C8BB-4E68-9341-57F9155707ED}
	EndGlobalSection
EndGlobal
